
Microsoft Visual Studio Solution File, Format Version 12.00
# Visual Studio Version 16
VisualStudioVersion = 16.0.31019.35
MinimumVisualStudioVersion = 10.0.40219.1
Project("{9A19103F-16F7-4668-BE54-9A1E7A4F7556}") = "MyNewCoolProject", "MyNewCoolProject\MyNewCoolProject.csproj", "{7201824F-DE49-41F3-9DB2-E1EB5B3B92A0}"
EndProject
Project("{9A19103F-16F7-4668-BE54-9A1E7A4F7556}") = "YouTubeLiveChat", "YouTubeLiveChat\YouTubeLiveChat.csproj", "{3AF55EFA-FAF6-42EA-908B-415A6F5195D4}"
EndProject
Project("{9A19103F-16F7-4668-BE54-9A1E7A4F7556}") = "Pingvin1308TestConsole", "Pingvin1308TestConsole\Pingvin1308TestConsole.csproj", "{92E94263-6413-490A-9084-6ABD9B7B89A9}"
EndProject
Project("{FAE04EC0-301F-11D3-BF4B-00C04F79EFBC}") = "mif", "mif\mif.csproj", "{3F7B5B4A-F1FC-4196-B7D4-884CA91AC4C3}"
EndProject
Global
	GlobalSection(SolutionConfigurationPlatforms) = preSolution
		Debug|Any CPU = Debug|Any CPU
		Release|Any CPU = Release|Any CPU
	EndGlobalSection
	GlobalSection(ProjectConfigurationPlatforms) = postSolution
		{7201824F-DE49-41F3-9DB2-E1EB5B3B92A0}.Debug|Any CPU.ActiveCfg = Debug|Any CPU
		{7201824F-DE49-41F3-9DB2-E1EB5B3B92A0}.Debug|Any CPU.Build.0 = Debug|Any CPU
		{7201824F-DE49-41F3-9DB2-E1EB5B3B92A0}.Release|Any CPU.ActiveCfg = Release|Any CPU
		{7201824F-DE49-41F3-9DB2-E1EB5B3B92A0}.Release|Any CPU.Build.0 = Release|Any CPU
		{3AF55EFA-FAF6-42EA-908B-415A6F5195D4}.Debug|Any CPU.ActiveCfg = Debug|Any CPU
		{3AF55EFA-FAF6-42EA-908B-415A6F5195D4}.Debug|Any CPU.Build.0 = Debug|Any CPU
		{3AF55EFA-FAF6-42EA-908B-415A6F5195D4}.Release|Any CPU.ActiveCfg = Release|Any CPU
		{3AF55EFA-FAF6-42EA-908B-415A6F5195D4}.Release|Any CPU.Build.0 = Release|Any CPU
		{92E94263-6413-490A-9084-6ABD9B7B89A9}.Debug|Any CPU.ActiveCfg = Debug|Any CPU
		{92E94263-6413-490A-9084-6ABD9B7B89A9}.Debug|Any CPU.Build.0 = Debug|Any CPU
		{92E94263-6413-490A-9084-6ABD9B7B89A9}.Release|Any CPU.ActiveCfg = Release|Any CPU
		{92E94263-6413-490A-9084-6ABD9B7B89A9}.Release|Any CPU.Build.0 = Release|Any CPU
		{3F7B5B4A-F1FC-4196-B7D4-884CA91AC4C3}.Debug|Any CPU.ActiveCfg = Debug|Any CPU
		{3F7B5B4A-F1FC-4196-B7D4-884CA91AC4C3}.Debug|Any CPU.Build.0 = Debug|Any CPU
		{3F7B5B4A-F1FC-4196-B7D4-884CA91AC4C3}.Release|Any CPU.ActiveCfg = Release|Any CPU
		{3F7B5B4A-F1FC-4196-B7D4-884CA91AC4C3}.Release|Any CPU.Build.0 = Release|Any CPU
	EndGlobalSection
	GlobalSection(SolutionProperties) = preSolution
		HideSolutionNode = FALSE
	EndGlobalSection
	GlobalSection(ExtensibilityGlobals) = postSolution
		SolutionGuid = {39EA23CA-936C-40A3-BD8F-9EB59F6E3A7C}
	EndGlobalSection
EndGlobal
