
Microsoft Visual Studio Solution File, Format Version 12.00
# Visual Studio Version 16
VisualStudioVersion = 16.0.31019.35
MinimumVisualStudioVersion = 10.0.40219.1
Project("{FAE04EC0-301F-11D3-BF4B-00C04F79EFBC}") = "useTouchPadForCreating", "useTouchPadForCreating\useTouchPadForCreating.csproj", "{A3148F6B-86A9-4B36-A467-FC8BF0B2A695}"
EndProject
Global
	GlobalSection(SolutionConfigurationPlatforms) = preSolution
		Debug|Any CPU = Debug|Any CPU
		Release|Any CPU = Release|Any CPU
	EndGlobalSection
	GlobalSection(ProjectConfigurationPlatforms) = postSolution
		{A3148F6B-86A9-4B36-A467-FC8BF0B2A695}.Debug|Any CPU.ActiveCfg = Debug|Any CPU
		{A3148F6B-86A9-4B36-A467-FC8BF0B2A695}.Debug|Any CPU.Build.0 = Debug|Any CPU
		{A3148F6B-86A9-4B36-A467-FC8BF0B2A695}.Release|Any CPU.ActiveCfg = Release|Any CPU
		{A3148F6B-86A9-4B36-A467-FC8BF0B2A695}.Release|Any CPU.Build.0 = Release|Any CPU
	EndGlobalSection
	GlobalSection(SolutionProperties) = preSolution
		HideSolutionNode = FALSE
	EndGlobalSection
	GlobalSection(ExtensibilityGlobals) = postSolution
		SolutionGuid = {F6D3E8B0-CEA8-44D8-8901-B50A65D8E1CC}
	EndGlobalSection
EndGlobal
